
Microsoft Visual Studio Solution File, Format Version 12.00
# Visual Studio Version 17
VisualStudioVersion = 17.2.32630.192
MinimumVisualStudioVersion = 10.0.40219.1
Project("{FAE04EC0-301F-11D3-BF4B-00C04F79EFBC}") = "Imobili Image Downloader", "Imobili Image Downloader\Imobili Image Downloader.csproj", "{3006E2A0-AB96-43F9-A843-1EEE41689954}"
EndProject
Global
	GlobalSection(SolutionConfigurationPlatforms) = preSolution
		Debug|Any CPU = Debug|Any CPU
		Release|Any CPU = Release|Any CPU
	EndGlobalSection
	GlobalSection(ProjectConfigurationPlatforms) = postSolution
		{3006E2A0-AB96-43F9-A843-1EEE41689954}.Debug|Any CPU.ActiveCfg = Debug|Any CPU
		{3006E2A0-AB96-43F9-A843-1EEE41689954}.Debug|Any CPU.Build.0 = Debug|Any CPU
		{3006E2A0-AB96-43F9-A843-1EEE41689954}.Release|Any CPU.ActiveCfg = Release|Any CPU
		{3006E2A0-AB96-43F9-A843-1EEE41689954}.Release|Any CPU.Build.0 = Release|Any CPU
	EndGlobalSection
	GlobalSection(SolutionProperties) = preSolution
		HideSolutionNode = FALSE
	EndGlobalSection
	GlobalSection(ExtensibilityGlobals) = postSolution
		SolutionGuid = {A0D55386-D254-421F-8573-A994D3739E77}
	EndGlobalSection
EndGlobal
